// !$*UTF8*$!
{
	archiveVersion = 1;
	classes = {
	};
	objectVersion = 56;
	objects = {

/* Begin PBXBuildFile section */
		056A1CDB2A41A42E0029B5B9 /* TimerPickerView.swift in Sources */ = {isa = PBXBuildFile; fileRef = 056A1CD92A41A42E0029B5B9 /* TimerPickerView.swift */; };
		056A1CDC2A41A42E0029B5B9 /* FocusView.swift in Sources */ = {isa = PBXBuildFile; fileRef = 056A1CDA2A41A42E0029B5B9 /* FocusView.swift */; };
		056A1CDE2A41A43E0029B5B9 /* TaskView.swift in Sources */ = {isa = PBXBuildFile; fileRef = 056A1CDD2A41A43E0029B5B9 /* TaskView.swift */; };
		056A1CE02A41A4480029B5B9 /* TimerController.swift in Sources */ = {isa = PBXBuildFile; fileRef = 056A1CDF2A41A4480029B5B9 /* TimerController.swift */; };
		056A1CE22A41A4590029B5B9 /* SoundController.swift in Sources */ = {isa = PBXBuildFile; fileRef = 056A1CE12A41A4590029B5B9 /* SoundController.swift */; };
		056A1CE52A41A4750029B5B9 /* ambient.mp3 in Resources */ = {isa = PBXBuildFile; fileRef = 056A1CE42A41A4750029B5B9 /* ambient.mp3 */; };
		056A1CE72A41ABD90029B5B9 /* SummaryView.swift in Sources */ = {isa = PBXBuildFile; fileRef = 056A1CE62A41ABD90029B5B9 /* SummaryView.swift */; };
		056A1CED2A429AD70029B5B9 /* CircleTest.swift in Sources */ = {isa = PBXBuildFile; fileRef = 056A1CEC2A429AD70029B5B9 /* CircleTest.swift */; };
		056A1CEF2A42A4460029B5B9 /* MusicSelection.swift in Sources */ = {isa = PBXBuildFile; fileRef = 056A1CEE2A42A4460029B5B9 /* MusicSelection.swift */; };
		056A1D112A458A770029B5B9 /* CountdownFocusView.swift in Sources */ = {isa = PBXBuildFile; fileRef = 056A1D102A458A770029B5B9 /* CountdownFocusView.swift */; };
		05A211422A498F9700A3F9D0 /* FaqAccordion.swift in Sources */ = {isa = PBXBuildFile; fileRef = 05A211412A498F9700A3F9D0 /* FaqAccordion.swift */; };
		05EF44F32A48833C00765C0B /* RestStartView.swift in Sources */ = {isa = PBXBuildFile; fileRef = 05EF44F22A48833C00765C0B /* RestStartView.swift */; };
		AD25B5682A487E3600C56931 /* InsightViewModel.swift in Sources */ = {isa = PBXBuildFile; fileRef = AD25B5672A487E3600C56931 /* InsightViewModel.swift */; };
		AD25B56B2A48937800C56931 /* UncompleteView.swift in Sources */ = {isa = PBXBuildFile; fileRef = AD25B56A2A48937800C56931 /* UncompleteView.swift */; };
		AD25B56D2A4893A600C56931 /* UncompleteViewModel.swift in Sources */ = {isa = PBXBuildFile; fileRef = AD25B56C2A4893A600C56931 /* UncompleteViewModel.swift */; };
		AD4ACD7F2A443EA200E7691E /* CharacterMO+Extention.swift in Sources */ = {isa = PBXBuildFile; fileRef = AD4ACD7E2A443EA200E7691E /* CharacterMO+Extention.swift */; };
		AD4ACD812A45171200E7691E /* FocusViewModel.swift in Sources */ = {isa = PBXBuildFile; fileRef = AD4ACD802A45171200E7691E /* FocusViewModel.swift */; };
		AD4ACDA22A45828900E7691E /* ShopView.swift in Sources */ = {isa = PBXBuildFile; fileRef = AD4ACDA02A45828800E7691E /* ShopView.swift */; };
		AD4ACDA32A45828900E7691E /* Items.swift in Sources */ = {isa = PBXBuildFile; fileRef = AD4ACDA12A45828900E7691E /* Items.swift */; };
		AD7285C72A41FC4900D8D5AE /* TaskMOsView.swift in Sources */ = {isa = PBXBuildFile; fileRef = AD7285C62A41FC4900D8D5AE /* TaskMOsView.swift */; };
		AD7285C92A4209F600D8D5AE /* SessionView.swift in Sources */ = {isa = PBXBuildFile; fileRef = AD7285C82A4209F600D8D5AE /* SessionView.swift */; };
		AD7285CB2A420E5C00D8D5AE /* ActivityView.swift in Sources */ = {isa = PBXBuildFile; fileRef = AD7285CA2A420E5C00D8D5AE /* ActivityView.swift */; };
		ADD5E4EC2A42E9AE00624B0F /* TaskMO+Extention.swift in Sources */ = {isa = PBXBuildFile; fileRef = ADD5E4EB2A42E9AE00624B0F /* TaskMO+Extention.swift */; };
		ADD5E4EE2A42ECC500624B0F /* SessionMO+Extention.swift in Sources */ = {isa = PBXBuildFile; fileRef = ADD5E4ED2A42ECC500624B0F /* SessionMO+Extention.swift */; };
		ADD5E4F32A43E91500624B0F /* AppState.swift in Sources */ = {isa = PBXBuildFile; fileRef = ADD5E4F22A43E91500624B0F /* AppState.swift */; };
		ADD5E4F52A43EDA300624B0F /* UserDefaultManager.swift in Sources */ = {isa = PBXBuildFile; fileRef = ADD5E4F42A43EDA300624B0F /* UserDefaultManager.swift */; };
		ADD5E4F72A43EDF900624B0F /* Constant.swift in Sources */ = {isa = PBXBuildFile; fileRef = ADD5E4F62A43EDF900624B0F /* Constant.swift */; };
		ADDA4C272A41B4C400A97160 /* CoreDataTestingView.swift in Sources */ = {isa = PBXBuildFile; fileRef = ADDA4C262A41B4C400A97160 /* CoreDataTestingView.swift */; };
		ADECB3062A3DB566005BA03F /* FocusAppsApp.swift in Sources */ = {isa = PBXBuildFile; fileRef = ADECB3052A3DB566005BA03F /* FocusAppsApp.swift */; };
		ADECB3082A3DB566005BA03F /* ContentView.swift in Sources */ = {isa = PBXBuildFile; fileRef = ADECB3072A3DB566005BA03F /* ContentView.swift */; };
		ADECB30A2A3DB567005BA03F /* Assets.xcassets in Resources */ = {isa = PBXBuildFile; fileRef = ADECB3092A3DB567005BA03F /* Assets.xcassets */; };
		ADECB30D2A3DB567005BA03F /* Preview Assets.xcassets in Resources */ = {isa = PBXBuildFile; fileRef = ADECB30C2A3DB567005BA03F /* Preview Assets.xcassets */; };
		ADECB31B2A3DB8FB005BA03F /* FocusData.xcdatamodeld in Sources */ = {isa = PBXBuildFile; fileRef = ADECB3192A3DB8FB005BA03F /* FocusData.xcdatamodeld */; };
		ADECB3262A3DBAD2005BA03F /* PresistanceController.swift in Sources */ = {isa = PBXBuildFile; fileRef = ADECB3252A3DBAD2005BA03F /* PresistanceController.swift */; };
/* End PBXBuildFile section */

/* Begin PBXFileReference section */
		056A1CD92A41A42E0029B5B9 /* TimerPickerView.swift */ = {isa = PBXFileReference; fileEncoding = 4; lastKnownFileType = sourcecode.swift; path = TimerPickerView.swift; sourceTree = "<group>"; };
		056A1CDA2A41A42E0029B5B9 /* FocusView.swift */ = {isa = PBXFileReference; fileEncoding = 4; lastKnownFileType = sourcecode.swift; path = FocusView.swift; sourceTree = "<group>"; };
		056A1CDD2A41A43E0029B5B9 /* TaskView.swift */ = {isa = PBXFileReference; fileEncoding = 4; lastKnownFileType = sourcecode.swift; path = TaskView.swift; sourceTree = "<group>"; };
		056A1CDF2A41A4480029B5B9 /* TimerController.swift */ = {isa = PBXFileReference; fileEncoding = 4; lastKnownFileType = sourcecode.swift; path = TimerController.swift; sourceTree = "<group>"; };
		056A1CE12A41A4590029B5B9 /* SoundController.swift */ = {isa = PBXFileReference; fileEncoding = 4; lastKnownFileType = sourcecode.swift; path = SoundController.swift; sourceTree = "<group>"; };
		056A1CE42A41A4750029B5B9 /* ambient.mp3 */ = {isa = PBXFileReference; lastKnownFileType = audio.mp3; path = ambient.mp3; sourceTree = "<group>"; };
		056A1CE62A41ABD90029B5B9 /* SummaryView.swift */ = {isa = PBXFileReference; lastKnownFileType = sourcecode.swift; path = SummaryView.swift; sourceTree = "<group>"; };
		056A1CEC2A429AD70029B5B9 /* CircleTest.swift */ = {isa = PBXFileReference; lastKnownFileType = sourcecode.swift; path = CircleTest.swift; sourceTree = "<group>"; };
		056A1CEE2A42A4460029B5B9 /* MusicSelection.swift */ = {isa = PBXFileReference; lastKnownFileType = sourcecode.swift; path = MusicSelection.swift; sourceTree = "<group>"; };
		056A1D102A458A770029B5B9 /* CountdownFocusView.swift */ = {isa = PBXFileReference; lastKnownFileType = sourcecode.swift; path = CountdownFocusView.swift; sourceTree = "<group>"; };
		05A211412A498F9700A3F9D0 /* FaqAccordion.swift */ = {isa = PBXFileReference; lastKnownFileType = sourcecode.swift; path = FaqAccordion.swift; sourceTree = "<group>"; };
		05EF44F22A48833C00765C0B /* RestStartView.swift */ = {isa = PBXFileReference; lastKnownFileType = sourcecode.swift; path = RestStartView.swift; sourceTree = "<group>"; };
		AD25B5672A487E3600C56931 /* InsightViewModel.swift */ = {isa = PBXFileReference; lastKnownFileType = sourcecode.swift; path = InsightViewModel.swift; sourceTree = "<group>"; };
		AD25B56A2A48937800C56931 /* UncompleteView.swift */ = {isa = PBXFileReference; lastKnownFileType = sourcecode.swift; path = UncompleteView.swift; sourceTree = "<group>"; };
		AD25B56C2A4893A600C56931 /* UncompleteViewModel.swift */ = {isa = PBXFileReference; lastKnownFileType = sourcecode.swift; path = UncompleteViewModel.swift; sourceTree = "<group>"; };
		AD4ACD7E2A443EA200E7691E /* CharacterMO+Extention.swift */ = {isa = PBXFileReference; lastKnownFileType = sourcecode.swift; path = "CharacterMO+Extention.swift"; sourceTree = "<group>"; };
		AD4ACD802A45171200E7691E /* FocusViewModel.swift */ = {isa = PBXFileReference; lastKnownFileType = sourcecode.swift; path = FocusViewModel.swift; sourceTree = "<group>"; };
		AD4ACDA02A45828800E7691E /* ShopView.swift */ = {isa = PBXFileReference; fileEncoding = 4; lastKnownFileType = sourcecode.swift; path = ShopView.swift; sourceTree = "<group>"; };
		AD4ACDA12A45828900E7691E /* Items.swift */ = {isa = PBXFileReference; fileEncoding = 4; lastKnownFileType = sourcecode.swift; path = Items.swift; sourceTree = "<group>"; };
		AD7285C62A41FC4900D8D5AE /* TaskMOsView.swift */ = {isa = PBXFileReference; lastKnownFileType = sourcecode.swift; path = TaskMOsView.swift; sourceTree = "<group>"; };
		AD7285C82A4209F600D8D5AE /* SessionView.swift */ = {isa = PBXFileReference; lastKnownFileType = sourcecode.swift; path = SessionView.swift; sourceTree = "<group>"; };
		AD7285CA2A420E5C00D8D5AE /* ActivityView.swift */ = {isa = PBXFileReference; lastKnownFileType = sourcecode.swift; path = ActivityView.swift; sourceTree = "<group>"; };
		ADD5E4EB2A42E9AE00624B0F /* TaskMO+Extention.swift */ = {isa = PBXFileReference; lastKnownFileType = sourcecode.swift; path = "TaskMO+Extention.swift"; sourceTree = "<group>"; };
		ADD5E4ED2A42ECC500624B0F /* SessionMO+Extention.swift */ = {isa = PBXFileReference; lastKnownFileType = sourcecode.swift; path = "SessionMO+Extention.swift"; sourceTree = "<group>"; };
		ADD5E4F22A43E91500624B0F /* AppState.swift */ = {isa = PBXFileReference; lastKnownFileType = sourcecode.swift; path = AppState.swift; sourceTree = "<group>"; };
		ADD5E4F42A43EDA300624B0F /* UserDefaultManager.swift */ = {isa = PBXFileReference; lastKnownFileType = sourcecode.swift; path = UserDefaultManager.swift; sourceTree = "<group>"; };
		ADD5E4F62A43EDF900624B0F /* Constant.swift */ = {isa = PBXFileReference; lastKnownFileType = sourcecode.swift; path = Constant.swift; sourceTree = "<group>"; };
		ADDA4C262A41B4C400A97160 /* CoreDataTestingView.swift */ = {isa = PBXFileReference; lastKnownFileType = sourcecode.swift; path = CoreDataTestingView.swift; sourceTree = "<group>"; };
		ADECB3022A3DB566005BA03F /* FocusApps.app */ = {isa = PBXFileReference; explicitFileType = wrapper.application; includeInIndex = 0; path = FocusApps.app; sourceTree = BUILT_PRODUCTS_DIR; };
		ADECB3052A3DB566005BA03F /* FocusAppsApp.swift */ = {isa = PBXFileReference; lastKnownFileType = sourcecode.swift; path = FocusAppsApp.swift; sourceTree = "<group>"; };
		ADECB3072A3DB566005BA03F /* ContentView.swift */ = {isa = PBXFileReference; lastKnownFileType = sourcecode.swift; path = ContentView.swift; sourceTree = "<group>"; };
		ADECB3092A3DB567005BA03F /* Assets.xcassets */ = {isa = PBXFileReference; lastKnownFileType = folder.assetcatalog; path = Assets.xcassets; sourceTree = "<group>"; };
		ADECB30C2A3DB567005BA03F /* Preview Assets.xcassets */ = {isa = PBXFileReference; lastKnownFileType = folder.assetcatalog; path = "Preview Assets.xcassets"; sourceTree = "<group>"; };
		ADECB31A2A3DB8FB005BA03F /* FocusData.xcdatamodel */ = {isa = PBXFileReference; lastKnownFileType = wrapper.xcdatamodel; path = FocusData.xcdatamodel; sourceTree = "<group>"; };
		ADECB3252A3DBAD2005BA03F /* PresistanceController.swift */ = {isa = PBXFileReference; lastKnownFileType = sourcecode.swift; path = PresistanceController.swift; sourceTree = "<group>"; };
/* End PBXFileReference section */

/* Begin PBXFrameworksBuildPhase section */
		ADECB2FF2A3DB566005BA03F /* Frameworks */ = {
			isa = PBXFrameworksBuildPhase;
			buildActionMask = 2147483647;
			files = (
			);
			runOnlyForDeploymentPostprocessing = 0;
		};
/* End PBXFrameworksBuildPhase section */

/* Begin PBXGroup section */
		056A1CD72A41A40F0029B5B9 /* View */ = {
			isa = PBXGroup;
			children = (
				056A1CDD2A41A43E0029B5B9 /* TaskView.swift */,
				056A1CEC2A429AD70029B5B9 /* CircleTest.swift */,
				ADDA4C262A41B4C400A97160 /* CoreDataTestingView.swift */,
				056A1D102A458A770029B5B9 /* CountdownFocusView.swift */,
				05EF44F82A4969F600765C0B /* StreakView.swift */,
				05EF44FA2A49802A00765C0B /* RewardView.swift */,
				05EF44F22A48833C00765C0B /* RestStartView.swift */,
				056A1CE62A41ABD90029B5B9 /* SummaryView.swift */,
				AD4ACDA12A45828900E7691E /* Items.swift */,
				AD4ACDA02A45828800E7691E /* ShopView.swift */,
			);
			path = View;
			sourceTree = "<group>";
		};
		056A1CD82A41A4190029B5B9 /* Components */ = {
			isa = PBXGroup;
			children = (
				056A1CDF2A41A4480029B5B9 /* TimerController.swift */,
				056A1CE12A41A4590029B5B9 /* SoundController.swift */,
				05EF44F42A489AB400765C0B /* CustomAlert.swift */,
				05EF44F62A4942D700765C0B /* StreakStamp.swift */,
				056A1CEE2A42A4460029B5B9 /* MusicSelection.swift */,
				05A211412A498F9700A3F9D0 /* FaqAccordion.swift */,
			);
			path = Components;
			sourceTree = "<group>";
		};
		056A1CE32A41A46A0029B5B9 /* Sounds */ = {
			isa = PBXGroup;
			children = (
				056A1CE42A41A4750029B5B9 /* ambient.mp3 */,
			);
			path = Sounds;
			sourceTree = "<group>";
		};
		AD25B5692A48935200C56931 /* UncompleteScene */ = {
			isa = PBXGroup;
			children = (
				AD25B56A2A48937800C56931 /* UncompleteView.swift */,
			);
			path = UncompleteScene;
			sourceTree = "<group>";
		};
		AD25B56E2A49154100C56931 /* FocusScene */ = {
			isa = PBXGroup;
			children = (
				AD25B56F2A49159E00C56931 /* Component */,
				056A1CDA2A41A42E0029B5B9 /* FocusView.swift */,
			);
			path = FocusScene;
			sourceTree = "<group>";
		};
		AD25B56F2A49159E00C56931 /* Component */ = {
			isa = PBXGroup;
			children = (
				056A1CEE2A42A4460029B5B9 /* MusicSelection.swift */,
				056A1CD92A41A42E0029B5B9 /* TimerPickerView.swift */,
			);
			path = Component;
			sourceTree = "<group>";
		};
		AD7285C42A41FC0A00D8D5AE /* CoreDataScene */ = {
			isa = PBXGroup;
			children = (
				ADD5E4F12A42F16900624B0F /* Component */,
				AD7285C62A41FC4900D8D5AE /* TaskMOsView.swift */,
				AD7285C82A4209F600D8D5AE /* SessionView.swift */,
				AD7285CA2A420E5C00D8D5AE /* ActivityView.swift */,
			);
			path = CoreDataScene;
			sourceTree = "<group>";
		};
		AD7285CC2A42934800D8D5AE /* Unsorted */ = {
			isa = PBXGroup;
			children = (
				056A1CD82A41A4190029B5B9 /* Components */,
				056A1CD72A41A40F0029B5B9 /* View */,
			);
			path = Unsorted;
			sourceTree = "<group>";
		};
		ADD5E4EF2A42F13500624B0F /* ViewModels */ = {
			isa = PBXGroup;
			children = (
				AD4ACD802A45171200E7691E /* FocusViewModel.swift */,
				AD25B5672A487E3600C56931 /* InsightViewModel.swift */,
				AD25B56C2A4893A600C56931 /* UncompleteViewModel.swift */,
			);
			path = ViewModels;
			sourceTree = "<group>";
		};
		ADD5E4F02A42F14600624B0F /* View */ = {
			isa = PBXGroup;
			children = (
				ADECB3072A3DB566005BA03F /* ContentView.swift */,
				AD7285CC2A42934800D8D5AE /* Unsorted */,
				AD25B56E2A49154100C56931 /* FocusScene */,
				AD25B5692A48935200C56931 /* UncompleteScene */,
				AD7285C42A41FC0A00D8D5AE /* CoreDataScene */,
			);
			path = View;
			sourceTree = "<group>";
		};
		ADD5E4F12A42F16900624B0F /* Component */ = {
			isa = PBXGroup;
			children = (
			);
			path = Component;
			sourceTree = "<group>";
		};
		ADD5E4F82A43EE1D00624B0F /* Constant */ = {
			isa = PBXGroup;
			children = (
				ADD5E4F62A43EDF900624B0F /* Constant.swift */,
			);
			path = Constant;
			sourceTree = "<group>";
		};
		ADECB2F92A3DB566005BA03F = {
			isa = PBXGroup;
			children = (
				ADECB3042A3DB566005BA03F /* FocusApps */,
				ADECB3032A3DB566005BA03F /* Products */,
			);
			sourceTree = "<group>";
		};
		ADECB3032A3DB566005BA03F /* Products */ = {
			isa = PBXGroup;
			children = (
				ADECB3022A3DB566005BA03F /* FocusApps.app */,
			);
			name = Products;
			sourceTree = "<group>";
		};
		ADECB3042A3DB566005BA03F /* FocusApps */ = {
			isa = PBXGroup;
			children = (
				ADECB3182A3DB7D8005BA03F /* Features */,
				ADECB3162A3DB73B005BA03F /* Core */,
				ADECB3132A3DB64A005BA03F /* Config */,
				ADECB30B2A3DB567005BA03F /* Preview Content */,
			);
			path = FocusApps;
			sourceTree = "<group>";
		};
		ADECB30B2A3DB567005BA03F /* Preview Content */ = {
			isa = PBXGroup;
			children = (
				ADECB30C2A3DB567005BA03F /* Preview Assets.xcassets */,
			);
			path = "Preview Content";
			sourceTree = "<group>";
		};
		ADECB3132A3DB64A005BA03F /* Config */ = {
			isa = PBXGroup;
			children = (
				ADECB3152A3DB6AC005BA03F /* Resources */,
				ADECB3142A3DB691005BA03F /* Apps */,
			);
			path = Config;
			sourceTree = "<group>";
		};
		ADECB3142A3DB691005BA03F /* Apps */ = {
			isa = PBXGroup;
			children = (
				ADECB3052A3DB566005BA03F /* FocusAppsApp.swift */,
				ADD5E4F22A43E91500624B0F /* AppState.swift */,
			);
			path = Apps;
			sourceTree = "<group>";
		};
		ADECB3152A3DB6AC005BA03F /* Resources */ = {
			isa = PBXGroup;
			children = (
				056A1CE32A41A46A0029B5B9 /* Sounds */,
				ADECB3092A3DB567005BA03F /* Assets.xcassets */,
			);
			path = Resources;
			sourceTree = "<group>";
		};
		ADECB3162A3DB73B005BA03F /* Core */ = {
			isa = PBXGroup;
			children = (
				ADD5E4F82A43EE1D00624B0F /* Constant */,
				ADECB3252A3DBAD2005BA03F /* PresistanceController.swift */,
				ADD5E4F42A43EDA300624B0F /* UserDefaultManager.swift */,
			);
			path = Core;
			sourceTree = "<group>";
		};
		ADECB3182A3DB7D8005BA03F /* Features */ = {
			isa = PBXGroup;
			children = (
				ADD5E4F02A42F14600624B0F /* View */,
				ADD5E4EF2A42F13500624B0F /* ViewModels */,
				ADECB31C2A3DB9B2005BA03F /* Models */,
			);
			path = Features;
			sourceTree = "<group>";
		};
		ADECB31C2A3DB9B2005BA03F /* Models */ = {
			isa = PBXGroup;
			children = (
				ADECB3192A3DB8FB005BA03F /* FocusData.xcdatamodeld */,
				ADD5E4EB2A42E9AE00624B0F /* TaskMO+Extention.swift */,
				ADD5E4ED2A42ECC500624B0F /* SessionMO+Extention.swift */,
				AD4ACD7E2A443EA200E7691E /* CharacterMO+Extention.swift */,
			);
			path = Models;
			sourceTree = "<group>";
		};
/* End PBXGroup section */

/* Begin PBXNativeTarget section */
		ADECB3012A3DB566005BA03F /* FocusApps */ = {
			isa = PBXNativeTarget;
			buildConfigurationList = ADECB3102A3DB567005BA03F /* Build configuration list for PBXNativeTarget "FocusApps" */;
			buildPhases = (
				ADECB2FE2A3DB566005BA03F /* Sources */,
				ADECB2FF2A3DB566005BA03F /* Frameworks */,
				ADECB3002A3DB566005BA03F /* Resources */,
			);
			buildRules = (
			);
			dependencies = (
			);
			name = FocusApps;
			productName = FocusApps;
			productReference = ADECB3022A3DB566005BA03F /* FocusApps.app */;
			productType = "com.apple.product-type.application";
		};
/* End PBXNativeTarget section */

/* Begin PBXProject section */
		ADECB2FA2A3DB566005BA03F /* Project object */ = {
			isa = PBXProject;
			attributes = {
				BuildIndependentTargetsInParallel = 1;
				LastSwiftUpdateCheck = 1430;
				LastUpgradeCheck = 1430;
				TargetAttributes = {
					ADECB3012A3DB566005BA03F = {
						CreatedOnToolsVersion = 14.3;
					};
				};
			};
			buildConfigurationList = ADECB2FD2A3DB566005BA03F /* Build configuration list for PBXProject "FocusApps" */;
			compatibilityVersion = "Xcode 14.0";
			developmentRegion = en;
			hasScannedForEncodings = 0;
			knownRegions = (
				en,
				Base,
			);
			mainGroup = ADECB2F92A3DB566005BA03F;
			productRefGroup = ADECB3032A3DB566005BA03F /* Products */;
			projectDirPath = "";
			projectRoot = "";
			targets = (
				ADECB3012A3DB566005BA03F /* FocusApps */,
			);
		};
/* End PBXProject section */

/* Begin PBXResourcesBuildPhase section */
		ADECB3002A3DB566005BA03F /* Resources */ = {
			isa = PBXResourcesBuildPhase;
			buildActionMask = 2147483647;
			files = (
				ADECB30D2A3DB567005BA03F /* Preview Assets.xcassets in Resources */,
				056A1CE52A41A4750029B5B9 /* ambient.mp3 in Resources */,
				ADECB30A2A3DB567005BA03F /* Assets.xcassets in Resources */,
			);
			runOnlyForDeploymentPostprocessing = 0;
		};
/* End PBXResourcesBuildPhase section */

/* Begin PBXSourcesBuildPhase section */
		ADECB2FE2A3DB566005BA03F /* Sources */ = {
			isa = PBXSourcesBuildPhase;
			buildActionMask = 2147483647;
			files = (
				05EF44F92A4969F600765C0B /* StreakView.swift in Sources */,
				ADDA4C272A41B4C400A97160 /* CoreDataTestingView.swift in Sources */,
				AD4ACDA32A45828900E7691E /* Items.swift in Sources */,
				ADD5E4F52A43EDA300624B0F /* UserDefaultManager.swift in Sources */,
				056A1CE22A41A4590029B5B9 /* SoundController.swift in Sources */,
				AD7285CB2A420E5C00D8D5AE /* ActivityView.swift in Sources */,
				AD25B56B2A48937800C56931 /* UncompleteView.swift in Sources */,
				056A1D112A458A770029B5B9 /* CountdownFocusView.swift in Sources */,
				AD4ACD7F2A443EA200E7691E /* CharacterMO+Extention.swift in Sources */,
				056A1CE02A41A4480029B5B9 /* TimerController.swift in Sources */,
				AD25B5682A487E3600C56931 /* InsightViewModel.swift in Sources */,
				AD4ACDA22A45828900E7691E /* ShopView.swift in Sources */,
				05EF44F72A4942D700765C0B /* StreakStamp.swift in Sources */,
				ADECB31B2A3DB8FB005BA03F /* FocusData.xcdatamodeld in Sources */,
				056A1CED2A429AD70029B5B9 /* CircleTest.swift in Sources */,
				056A1CE72A41ABD90029B5B9 /* SummaryView.swift in Sources */,
				ADD5E4F72A43EDF900624B0F /* Constant.swift in Sources */,
				056A1CDC2A41A42E0029B5B9 /* FocusView.swift in Sources */,
				056A1CDB2A41A42E0029B5B9 /* TimerPickerView.swift in Sources */,
				056A1CDE2A41A43E0029B5B9 /* TaskView.swift in Sources */,
				AD4ACD812A45171200E7691E /* FocusViewModel.swift in Sources */,
				05EF44F32A48833C00765C0B /* RestStartView.swift in Sources */,
				AD7285C92A4209F600D8D5AE /* SessionView.swift in Sources */,
				AD7285C72A41FC4900D8D5AE /* TaskMOsView.swift in Sources */,
				05A211422A498F9700A3F9D0 /* FaqAccordion.swift in Sources */,
				ADECB3262A3DBAD2005BA03F /* PresistanceController.swift in Sources */,
				ADECB3082A3DB566005BA03F /* ContentView.swift in Sources */,
				ADD5E4F32A43E91500624B0F /* AppState.swift in Sources */,
				ADD5E4EE2A42ECC500624B0F /* SessionMO+Extention.swift in Sources */,
				AD25B56D2A4893A600C56931 /* UncompleteViewModel.swift in Sources */,
				ADD5E4EC2A42E9AE00624B0F /* TaskMO+Extention.swift in Sources */,
				056A1CEF2A42A4460029B5B9 /* MusicSelection.swift in Sources */,
				ADECB3062A3DB566005BA03F /* FocusAppsApp.swift in Sources */,
				05EF44F52A489AB400765C0B /* CustomAlert.swift in Sources */,
			);
			runOnlyForDeploymentPostprocessing = 0;
		};
/* End PBXSourcesBuildPhase section */

/* Begin XCBuildConfiguration section */
		ADECB30E2A3DB567005BA03F /* Debug */ = {
			isa = XCBuildConfiguration;
			buildSettings = {
				ALWAYS_SEARCH_USER_PATHS = NO;
				CLANG_ANALYZER_NONNULL = YES;
				CLANG_ANALYZER_NUMBER_OBJECT_CONVERSION = YES_AGGRESSIVE;
				CLANG_CXX_LANGUAGE_STANDARD = "gnu++20";
				CLANG_ENABLE_MODULES = YES;
				CLANG_ENABLE_OBJC_ARC = YES;
				CLANG_ENABLE_OBJC_WEAK = YES;
				CLANG_WARN_BLOCK_CAPTURE_AUTORELEASING = YES;
				CLANG_WARN_BOOL_CONVERSION = YES;
				CLANG_WARN_COMMA = YES;
				CLANG_WARN_CONSTANT_CONVERSION = YES;
				CLANG_WARN_DEPRECATED_OBJC_IMPLEMENTATIONS = YES;
				CLANG_WARN_DIRECT_OBJC_ISA_USAGE = YES_ERROR;
				CLANG_WARN_DOCUMENTATION_COMMENTS = YES;
				CLANG_WARN_EMPTY_BODY = YES;
				CLANG_WARN_ENUM_CONVERSION = YES;
				CLANG_WARN_INFINITE_RECURSION = YES;
				CLANG_WARN_INT_CONVERSION = YES;
				CLANG_WARN_NON_LITERAL_NULL_CONVERSION = YES;
				CLANG_WARN_OBJC_IMPLICIT_RETAIN_SELF = YES;
				CLANG_WARN_OBJC_LITERAL_CONVERSION = YES;
				CLANG_WARN_OBJC_ROOT_CLASS = YES_ERROR;
				CLANG_WARN_QUOTED_INCLUDE_IN_FRAMEWORK_HEADER = YES;
				CLANG_WARN_RANGE_LOOP_ANALYSIS = YES;
				CLANG_WARN_STRICT_PROTOTYPES = YES;
				CLANG_WARN_SUSPICIOUS_MOVE = YES;
				CLANG_WARN_UNGUARDED_AVAILABILITY = YES_AGGRESSIVE;
				CLANG_WARN_UNREACHABLE_CODE = YES;
				CLANG_WARN__DUPLICATE_METHOD_MATCH = YES;
				COPY_PHASE_STRIP = NO;
				DEBUG_INFORMATION_FORMAT = dwarf;
				ENABLE_STRICT_OBJC_MSGSEND = YES;
				ENABLE_TESTABILITY = YES;
				GCC_C_LANGUAGE_STANDARD = gnu11;
				GCC_DYNAMIC_NO_PIC = NO;
				GCC_NO_COMMON_BLOCKS = YES;
				GCC_OPTIMIZATION_LEVEL = 0;
				GCC_PREPROCESSOR_DEFINITIONS = (
					"DEBUG=1",
					"$(inherited)",
				);
				GCC_WARN_64_TO_32_BIT_CONVERSION = YES;
				GCC_WARN_ABOUT_RETURN_TYPE = YES_ERROR;
				GCC_WARN_UNDECLARED_SELECTOR = YES;
				GCC_WARN_UNINITIALIZED_AUTOS = YES_AGGRESSIVE;
				GCC_WARN_UNUSED_FUNCTION = YES;
				GCC_WARN_UNUSED_VARIABLE = YES;
				IPHONEOS_DEPLOYMENT_TARGET = 16.4;
				MTL_ENABLE_DEBUG_INFO = INCLUDE_SOURCE;
				MTL_FAST_MATH = YES;
				ONLY_ACTIVE_ARCH = YES;
				SDKROOT = iphoneos;
				SWIFT_ACTIVE_COMPILATION_CONDITIONS = DEBUG;
				SWIFT_OPTIMIZATION_LEVEL = "-Onone";
			};
			name = Debug;
		};
		ADECB30F2A3DB567005BA03F /* Release */ = {
			isa = XCBuildConfiguration;
			buildSettings = {
				ALWAYS_SEARCH_USER_PATHS = NO;
				CLANG_ANALYZER_NONNULL = YES;
				CLANG_ANALYZER_NUMBER_OBJECT_CONVERSION = YES_AGGRESSIVE;
				CLANG_CXX_LANGUAGE_STANDARD = "gnu++20";
				CLANG_ENABLE_MODULES = YES;
				CLANG_ENABLE_OBJC_ARC = YES;
				CLANG_ENABLE_OBJC_WEAK = YES;
				CLANG_WARN_BLOCK_CAPTURE_AUTORELEASING = YES;
				CLANG_WARN_BOOL_CONVERSION = YES;
				CLANG_WARN_COMMA = YES;
				CLANG_WARN_CONSTANT_CONVERSION = YES;
				CLANG_WARN_DEPRECATED_OBJC_IMPLEMENTATIONS = YES;
				CLANG_WARN_DIRECT_OBJC_ISA_USAGE = YES_ERROR;
				CLANG_WARN_DOCUMENTATION_COMMENTS = YES;
				CLANG_WARN_EMPTY_BODY = YES;
				CLANG_WARN_ENUM_CONVERSION = YES;
				CLANG_WARN_INFINITE_RECURSION = YES;
				CLANG_WARN_INT_CONVERSION = YES;
				CLANG_WARN_NON_LITERAL_NULL_CONVERSION = YES;
				CLANG_WARN_OBJC_IMPLICIT_RETAIN_SELF = YES;
				CLANG_WARN_OBJC_LITERAL_CONVERSION = YES;
				CLANG_WARN_OBJC_ROOT_CLASS = YES_ERROR;
				CLANG_WARN_QUOTED_INCLUDE_IN_FRAMEWORK_HEADER = YES;
				CLANG_WARN_RANGE_LOOP_ANALYSIS = YES;
				CLANG_WARN_STRICT_PROTOTYPES = YES;
				CLANG_WARN_SUSPICIOUS_MOVE = YES;
				CLANG_WARN_UNGUARDED_AVAILABILITY = YES_AGGRESSIVE;
				CLANG_WARN_UNREACHABLE_CODE = YES;
				CLANG_WARN__DUPLICATE_METHOD_MATCH = YES;
				COPY_PHASE_STRIP = NO;
				DEBUG_INFORMATION_FORMAT = "dwarf-with-dsym";
				ENABLE_NS_ASSERTIONS = NO;
				ENABLE_STRICT_OBJC_MSGSEND = YES;
				GCC_C_LANGUAGE_STANDARD = gnu11;
				GCC_NO_COMMON_BLOCKS = YES;
				GCC_WARN_64_TO_32_BIT_CONVERSION = YES;
				GCC_WARN_ABOUT_RETURN_TYPE = YES_ERROR;
				GCC_WARN_UNDECLARED_SELECTOR = YES;
				GCC_WARN_UNINITIALIZED_AUTOS = YES_AGGRESSIVE;
				GCC_WARN_UNUSED_FUNCTION = YES;
				GCC_WARN_UNUSED_VARIABLE = YES;
				IPHONEOS_DEPLOYMENT_TARGET = 16.4;
				MTL_ENABLE_DEBUG_INFO = NO;
				MTL_FAST_MATH = YES;
				SDKROOT = iphoneos;
				SWIFT_COMPILATION_MODE = wholemodule;
				SWIFT_OPTIMIZATION_LEVEL = "-O";
				VALIDATE_PRODUCT = YES;
			};
			name = Release;
		};
		ADECB3112A3DB567005BA03F /* Debug */ = {
			isa = XCBuildConfiguration;
			buildSettings = {
				ASSETCATALOG_COMPILER_APPICON_NAME = AppIcon;
				ASSETCATALOG_COMPILER_GLOBAL_ACCENT_COLOR_NAME = AccentColor;
				CODE_SIGN_STYLE = Automatic;
				CURRENT_PROJECT_VERSION = 1;
				DEVELOPMENT_ASSET_PATHS = "\"FocusApps/Preview Content\"";
				DEVELOPMENT_TEAM = 45ZWLX2CYQ;
				ENABLE_PREVIEWS = YES;
				GENERATE_INFOPLIST_FILE = YES;
				INFOPLIST_KEY_UIApplicationSceneManifest_Generation = YES;
				INFOPLIST_KEY_UIApplicationSupportsIndirectInputEvents = YES;
				INFOPLIST_KEY_UILaunchScreen_Generation = YES;
				INFOPLIST_KEY_UISupportedInterfaceOrientations_iPad = "UIInterfaceOrientationPortrait UIInterfaceOrientationPortraitUpsideDown UIInterfaceOrientationLandscapeLeft UIInterfaceOrientationLandscapeRight";
				INFOPLIST_KEY_UISupportedInterfaceOrientations_iPhone = "UIInterfaceOrientationPortrait UIInterfaceOrientationLandscapeLeft UIInterfaceOrientationLandscapeRight";
				LD_RUNPATH_SEARCH_PATHS = (
					"$(inherited)",
					"@executable_path/Frameworks",
				);
				MARKETING_VERSION = 1.0;
				PRODUCT_BUNDLE_IDENTIFIER = com.7Teens.FocusApps;
				PRODUCT_NAME = "$(TARGET_NAME)";
				SWIFT_EMIT_LOC_STRINGS = YES;
				SWIFT_VERSION = 5.0;
				TARGETED_DEVICE_FAMILY = "1,2";
			};
			name = Debug;
		};
		ADECB3122A3DB567005BA03F /* Release */ = {
			isa = XCBuildConfiguration;
			buildSettings = {
				ASSETCATALOG_COMPILER_APPICON_NAME = AppIcon;
				ASSETCATALOG_COMPILER_GLOBAL_ACCENT_COLOR_NAME = AccentColor;
				CODE_SIGN_STYLE = Automatic;
				CURRENT_PROJECT_VERSION = 1;
				DEVELOPMENT_ASSET_PATHS = "\"FocusApps/Preview Content\"";
				DEVELOPMENT_TEAM = 45ZWLX2CYQ;
				ENABLE_PREVIEWS = YES;
				GENERATE_INFOPLIST_FILE = YES;
				INFOPLIST_KEY_UIApplicationSceneManifest_Generation = YES;
				INFOPLIST_KEY_UIApplicationSupportsIndirectInputEvents = YES;
				INFOPLIST_KEY_UILaunchScreen_Generation = YES;
				INFOPLIST_KEY_UISupportedInterfaceOrientations_iPad = "UIInterfaceOrientationPortrait UIInterfaceOrientationPortraitUpsideDown UIInterfaceOrientationLandscapeLeft UIInterfaceOrientationLandscapeRight";
				INFOPLIST_KEY_UISupportedInterfaceOrientations_iPhone = "UIInterfaceOrientationPortrait UIInterfaceOrientationLandscapeLeft UIInterfaceOrientationLandscapeRight";
				LD_RUNPATH_SEARCH_PATHS = (
					"$(inherited)",
					"@executable_path/Frameworks",
				);
				MARKETING_VERSION = 1.0;
				PRODUCT_BUNDLE_IDENTIFIER = com.7Teens.FocusApps;
				PRODUCT_NAME = "$(TARGET_NAME)";
				SWIFT_EMIT_LOC_STRINGS = YES;
				SWIFT_VERSION = 5.0;
				TARGETED_DEVICE_FAMILY = "1,2";
			};
			name = Release;
		};
/* End XCBuildConfiguration section */

/* Begin XCConfigurationList section */
		ADECB2FD2A3DB566005BA03F /* Build configuration list for PBXProject "FocusApps" */ = {
			isa = XCConfigurationList;
			buildConfigurations = (
				ADECB30E2A3DB567005BA03F /* Debug */,
				ADECB30F2A3DB567005BA03F /* Release */,
			);
			defaultConfigurationIsVisible = 0;
			defaultConfigurationName = Release;
		};
		ADECB3102A3DB567005BA03F /* Build configuration list for PBXNativeTarget "FocusApps" */ = {
			isa = XCConfigurationList;
			buildConfigurations = (
				ADECB3112A3DB567005BA03F /* Debug */,
				ADECB3122A3DB567005BA03F /* Release */,
			);
			defaultConfigurationIsVisible = 0;
			defaultConfigurationName = Release;
		};
/* End XCConfigurationList section */

/* Begin XCVersionGroup section */
		ADECB3192A3DB8FB005BA03F /* FocusData.xcdatamodeld */ = {
			isa = XCVersionGroup;
			children = (
				ADECB31A2A3DB8FB005BA03F /* FocusData.xcdatamodel */,
			);
			currentVersion = ADECB31A2A3DB8FB005BA03F /* FocusData.xcdatamodel */;
			path = FocusData.xcdatamodeld;
			sourceTree = "<group>";
			versionGroupType = wrapper.xcdatamodel;
		};
/* End XCVersionGroup section */
	};
	rootObject = ADECB2FA2A3DB566005BA03F /* Project object */;
}
